
Microsoft Visual Studio Solution File, Format Version 12.00
# Visual Studio Version 17
VisualStudioVersion = 17.5.002.0
MinimumVisualStudioVersion = 10.0.40219.1
Project("{9A19103F-16F7-4668-BE54-9A1E7A4F7556}") = "Module7Lab", "Module7challenge\Module7Lab.csproj", "{31AE969B-449A-4840-A564-F27314BF3F2F}"
EndProject
Global
	GlobalSection(SolutionConfigurationPlatforms) = preSolution
		Debug|Any CPU = Debug|Any CPU
		Release|Any CPU = Release|Any CPU
	EndGlobalSection
	GlobalSection(ProjectConfigurationPlatforms) = postSolution
		{31AE969B-449A-4840-A564-F27314BF3F2F}.Debug|Any CPU.ActiveCfg = Debug|Any CPU
		{31AE969B-449A-4840-A564-F27314BF3F2F}.Debug|Any CPU.Build.0 = Debug|Any CPU
		{31AE969B-449A-4840-A564-F27314BF3F2F}.Release|Any CPU.ActiveCfg = Release|Any CPU
		{31AE969B-449A-4840-A564-F27314BF3F2F}.Release|Any CPU.Build.0 = Release|Any CPU
	EndGlobalSection
	GlobalSection(SolutionProperties) = preSolution
		HideSolutionNode = FALSE
	EndGlobalSection
	GlobalSection(ExtensibilityGlobals) = postSolution
		SolutionGuid = {011DD11C-D1B2-4089-A8F8-89291B171CD6}
	EndGlobalSection
EndGlobal
